
Microsoft Visual Studio Solution File, Format Version 12.00
# Visual Studio Version 17
VisualStudioVersion = 17.4.33103.184
MinimumVisualStudioVersion = 10.0.40219.1
Project("{FAE04EC0-301F-11D3-BF4B-00C04F79EFBC}") = "BuilderDesignPattern", "BuilderDesignPattern\BuilderDesignPattern.csproj", "{33787FFA-D40F-4C0E-8785-7154B79BAFFE}"
EndProject
Global
	GlobalSection(SolutionConfigurationPlatforms) = preSolution
		Debug|Any CPU = Debug|Any CPU
		Release|Any CPU = Release|Any CPU
	EndGlobalSection
	GlobalSection(ProjectConfigurationPlatforms) = postSolution
		{33787FFA-D40F-4C0E-8785-7154B79BAFFE}.Debug|Any CPU.ActiveCfg = Debug|Any CPU
		{33787FFA-D40F-4C0E-8785-7154B79BAFFE}.Debug|Any CPU.Build.0 = Debug|Any CPU
		{33787FFA-D40F-4C0E-8785-7154B79BAFFE}.Release|Any CPU.ActiveCfg = Release|Any CPU
		{33787FFA-D40F-4C0E-8785-7154B79BAFFE}.Release|Any CPU.Build.0 = Release|Any CPU
	EndGlobalSection
	GlobalSection(SolutionProperties) = preSolution
		HideSolutionNode = FALSE
	EndGlobalSection
	GlobalSection(ExtensibilityGlobals) = postSolution
		SolutionGuid = {C2E182B2-FA28-4AE8-A5D1-D69F4346F949}
	EndGlobalSection
EndGlobal
